// !$*UTF8*$!
{
	archiveVersion = 1;
	classes = {
	};
	objectVersion = 52;
	objects = {

/* Begin PBXBuildFile section */
		0405219726D576EE00BFF894 /* Introspect in Frameworks */ = {isa = PBXBuildFile; productRef = 0405219626D576EE00BFF894 /* Introspect */; };
		0410188D26F24E62003030F6 /* UserGetTopAlbumsReceiver.swift in Sources */ = {isa = PBXBuildFile; fileRef = 0410188C26F24E62003030F6 /* UserGetTopAlbumsReceiver.swift */; };
		0410189026F24F38003030F6 /* ChartGetTopArtistsReceiver.swift in Sources */ = {isa = PBXBuildFile; fileRef = 0410188F26F24F38003030F6 /* ChartGetTopArtistsReceiver.swift */; };
		0410189526F256E4003030F6 /* ArtistGetInfo.swift in Sources */ = {isa = PBXBuildFile; fileRef = 0410189426F256E4003030F6 /* ArtistGetInfo.swift */; };
		0410189726F259CF003030F6 /* ChartGetTopTracksReceiver.swift in Sources */ = {isa = PBXBuildFile; fileRef = 0410189626F259CF003030F6 /* ChartGetTopTracksReceiver.swift */; };
		0410189926F25A9E003030F6 /* ChartGetTopTagsReceiver.swift in Sources */ = {isa = PBXBuildFile; fileRef = 0410189826F25A9E003030F6 /* ChartGetTopTagsReceiver.swift */; };
		0410189B26F25B66003030F6 /* ColoredRoundedButtonView.swift in Sources */ = {isa = PBXBuildFile; fileRef = 0410189A26F25B66003030F6 /* ColoredRoundedButtonView.swift */; };
		0410189D26F25C3F003030F6 /* SimilarArtistButtonView.swift in Sources */ = {isa = PBXBuildFile; fileRef = 0410189C26F25C3F003030F6 /* SimilarArtistButtonView.swift */; };
		041018A026F25CC1003030F6 /* ArtistInfoPopUpView.swift in Sources */ = {isa = PBXBuildFile; fileRef = 0410189F26F25CC1003030F6 /* ArtistInfoPopUpView.swift */; };
		041018A426F25E51003030F6 /* ChartTopArtistsEntriesView.swift in Sources */ = {isa = PBXBuildFile; fileRef = 041018A326F25E51003030F6 /* ChartTopArtistsEntriesView.swift */; };
		041018A626F25EA4003030F6 /* ChartTopTracksEntriesView.swift in Sources */ = {isa = PBXBuildFile; fileRef = 041018A526F25EA4003030F6 /* ChartTopTracksEntriesView.swift */; };
		041018A826F25EDA003030F6 /* ChartTopTagsEntriesView.swift in Sources */ = {isa = PBXBuildFile; fileRef = 041018A726F25EDA003030F6 /* ChartTopTagsEntriesView.swift */; };
		0428951326F388A700902306 /* jsonUserGetTopArtists.swift in Sources */ = {isa = PBXBuildFile; fileRef = 0428951226F388A700902306 /* jsonUserGetTopArtists.swift */; };
		0428951526F389F700902306 /* UserGetTopArtistsReceiver.swift in Sources */ = {isa = PBXBuildFile; fileRef = 0428951426F389F700902306 /* UserGetTopArtistsReceiver.swift */; };
		04519E1226F28732004D2727 /* UserTopTracksView.swift in Sources */ = {isa = PBXBuildFile; fileRef = 04519E1126F28732004D2727 /* UserTopTracksView.swift */; };
		04519E1426F344F6004D2727 /* jsonUserGetTopTracks.swift in Sources */ = {isa = PBXBuildFile; fileRef = 04519E1326F344F5004D2727 /* jsonUserGetTopTracks.swift */; };
		04519E1626F3476D004D2727 /* UserTopAlbumsEntriesView.swift in Sources */ = {isa = PBXBuildFile; fileRef = 04519E1526F3476D004D2727 /* UserTopAlbumsEntriesView.swift */; };
		04519E1A26F349F8004D2727 /* UserGetTopTracksReceiver.swift in Sources */ = {isa = PBXBuildFile; fileRef = 04519E1926F349F8004D2727 /* UserGetTopTracksReceiver.swift */; };
		045CE32626F39A6700448F20 /* UserTopArtistsView.swift in Sources */ = {isa = PBXBuildFile; fileRef = 045CE32526F39A6700448F20 /* UserTopArtistsView.swift */; };
		045CE32826F3A0F900448F20 /* UserTopArtistsEntriesView.swift in Sources */ = {isa = PBXBuildFile; fileRef = 045CE32726F3A0F900448F20 /* UserTopArtistsEntriesView.swift */; };
		045CE32A26F3AC7600448F20 /* UserTopTracksEntriesView.swift in Sources */ = {isa = PBXBuildFile; fileRef = 045CE32926F3AC7600448F20 /* UserTopTracksEntriesView.swift */; };
		045CE32C26F3CC5700448F20 /* AuthenticatePopUp.swift in Sources */ = {isa = PBXBuildFile; fileRef = 045CE32B26F3CC5700448F20 /* AuthenticatePopUp.swift */; };
		045CE32E26F4A2A900448F20 /* jsonUserGetInfo.swift in Sources */ = {isa = PBXBuildFile; fileRef = 045CE32D26F4A2A900448F20 /* jsonUserGetInfo.swift */; };
		045CE33026F4A2F600448F20 /* UserGetInfoReceiver.swift in Sources */ = {isa = PBXBuildFile; fileRef = 045CE32F26F4A2F600448F20 /* UserGetInfoReceiver.swift */; };
		0477077126FBAA4E00514448 /* TrackInfoPopUpView.swift in Sources */ = {isa = PBXBuildFile; fileRef = 0477077026FBAA4E00514448 /* TrackInfoPopUpView.swift */; };
		04A1E00A26D94F5600088711 /* SidebarButtonView.swift in Sources */ = {isa = PBXBuildFile; fileRef = 04A1E00926D94F5600088711 /* SidebarButtonView.swift */; };
		04A1E00C26D9514A00088711 /* jsonArtistGetInfo.swift in Sources */ = {isa = PBXBuildFile; fileRef = 04A1E00B26D9514A00088711 /* jsonArtistGetInfo.swift */; };
		04A38B7D27021A5B00A35D3D /* jsonTrackGetInfo.swift in Sources */ = {isa = PBXBuildFile; fileRef = 04A38B7C27021A5B00A35D3D /* jsonTrackGetInfo.swift */; };
		04A38B812702562A00A35D3D /* TrackGetInfo.swift in Sources */ = {isa = PBXBuildFile; fileRef = 04A38B802702562A00A35D3D /* TrackGetInfo.swift */; };
		04A3C6C226F75A5B009C58F2 /* ProfileIconView.swift in Sources */ = {isa = PBXBuildFile; fileRef = 04A3C6C126F75A5B009C58F2 /* ProfileIconView.swift */; };
		04A3C6C426F75A9A009C58F2 /* DefaultProfilePictureView.swift in Sources */ = {isa = PBXBuildFile; fileRef = 04A3C6C326F75A9A009C58F2 /* DefaultProfilePictureView.swift */; };
		04AFA7582709A23C00A7E513 /* AlbumGetInfo.swift in Sources */ = {isa = PBXBuildFile; fileRef = 04AFA7572709A23C00A7E513 /* AlbumGetInfo.swift */; };
		04AFA75C2709A4B700A7E513 /* jsonAlbumGetInfo.swift in Sources */ = {isa = PBXBuildFile; fileRef = 04AFA75B2709A4B700A7E513 /* jsonAlbumGetInfo.swift */; };
		04B2C11B270B8BF700E3CFB5 /* AlbumInfoPopUpView.swift in Sources */ = {isa = PBXBuildFile; fileRef = 04B2C11A270B8BF700E3CFB5 /* AlbumInfoPopUpView.swift */; };
		04D1CC2426E7949500F22541 /* UserTopAlbumsView.swift in Sources */ = {isa = PBXBuildFile; fileRef = 04D1CC2326E7949500F22541 /* UserTopAlbumsView.swift */; };
		04D1CC4626E9389E00F22541 /* jsonUserGetTopAlbums.swift in Sources */ = {isa = PBXBuildFile; fileRef = 04D1CC4526E9389E00F22541 /* jsonUserGetTopAlbums.swift */; };
		D64F79942689FA4300DE053E /* jsonChartGetTopTracks.swift in Sources */ = {isa = PBXBuildFile; fileRef = D64F79932689FA4300DE053E /* jsonChartGetTopTracks.swift */; };
		D64F7998268A07A300DE053E /* ChartTopArtistsView.swift in Sources */ = {isa = PBXBuildFile; fileRef = D64F7997268A07A300DE053E /* ChartTopArtistsView.swift */; };
		D64F799A268A081700DE053E /* ChartTopTracksView.swift in Sources */ = {isa = PBXBuildFile; fileRef = D64F7999268A081700DE053E /* ChartTopTracksView.swift */; };
		D66DA2BD268246B400D12BB7 /* ReScrobblerApp.swift in Sources */ = {isa = PBXBuildFile; fileRef = D66DA2BC268246B400D12BB7 /* ReScrobblerApp.swift */; };
		D66DA2BF268246B400D12BB7 /* ContentView.swift in Sources */ = {isa = PBXBuildFile; fileRef = D66DA2BE268246B400D12BB7 /* ContentView.swift */; };
		D66DA2C1268246B700D12BB7 /* Assets.xcassets in Resources */ = {isa = PBXBuildFile; fileRef = D66DA2C0268246B700D12BB7 /* Assets.xcassets */; };
		D66DA2C4268246B700D12BB7 /* Preview Assets.xcassets in Resources */ = {isa = PBXBuildFile; fileRef = D66DA2C3268246B700D12BB7 /* Preview Assets.xcassets */; };
		D66DA2D226824DFD00D12BB7 /* jsonChartGetTopArtists.swift in Sources */ = {isa = PBXBuildFile; fileRef = D66DA2D126824DFD00D12BB7 /* jsonChartGetTopArtists.swift */; };
		D6D30BBB268A66AB00936133 /* jsonChartGetTopTags.swift in Sources */ = {isa = PBXBuildFile; fileRef = D6D30BBA268A66AB00936133 /* jsonChartGetTopTags.swift */; };
		D6D30BBD268A677100936133 /* ChartTopTagsView.swift in Sources */ = {isa = PBXBuildFile; fileRef = D6D30BBC268A677100936133 /* ChartTopTagsView.swift */; };
/* End PBXBuildFile section */

/* Begin PBXFileReference section */
		0410188C26F24E62003030F6 /* UserGetTopAlbumsReceiver.swift */ = {isa = PBXFileReference; lastKnownFileType = sourcecode.swift; path = UserGetTopAlbumsReceiver.swift; sourceTree = "<group>"; };
		0410188F26F24F38003030F6 /* ChartGetTopArtistsReceiver.swift */ = {isa = PBXFileReference; lastKnownFileType = sourcecode.swift; path = ChartGetTopArtistsReceiver.swift; sourceTree = "<group>"; };
		0410189426F256E4003030F6 /* ArtistGetInfo.swift */ = {isa = PBXFileReference; lastKnownFileType = sourcecode.swift; path = ArtistGetInfo.swift; sourceTree = "<group>"; };
		0410189626F259CF003030F6 /* ChartGetTopTracksReceiver.swift */ = {isa = PBXFileReference; lastKnownFileType = sourcecode.swift; path = ChartGetTopTracksReceiver.swift; sourceTree = "<group>"; };
		0410189826F25A9E003030F6 /* ChartGetTopTagsReceiver.swift */ = {isa = PBXFileReference; lastKnownFileType = sourcecode.swift; path = ChartGetTopTagsReceiver.swift; sourceTree = "<group>"; };
		0410189A26F25B66003030F6 /* ColoredRoundedButtonView.swift */ = {isa = PBXFileReference; lastKnownFileType = sourcecode.swift; path = ColoredRoundedButtonView.swift; sourceTree = "<group>"; };
		0410189C26F25C3F003030F6 /* SimilarArtistButtonView.swift */ = {isa = PBXFileReference; lastKnownFileType = sourcecode.swift; path = SimilarArtistButtonView.swift; sourceTree = "<group>"; };
		0410189F26F25CC1003030F6 /* ArtistInfoPopUpView.swift */ = {isa = PBXFileReference; lastKnownFileType = sourcecode.swift; path = ArtistInfoPopUpView.swift; sourceTree = "<group>"; };
		041018A326F25E51003030F6 /* ChartTopArtistsEntriesView.swift */ = {isa = PBXFileReference; lastKnownFileType = sourcecode.swift; path = ChartTopArtistsEntriesView.swift; sourceTree = "<group>"; };
		041018A526F25EA4003030F6 /* ChartTopTracksEntriesView.swift */ = {isa = PBXFileReference; lastKnownFileType = sourcecode.swift; path = ChartTopTracksEntriesView.swift; sourceTree = "<group>"; };
		041018A726F25EDA003030F6 /* ChartTopTagsEntriesView.swift */ = {isa = PBXFileReference; lastKnownFileType = sourcecode.swift; path = ChartTopTagsEntriesView.swift; sourceTree = "<group>"; };
		0428951226F388A700902306 /* jsonUserGetTopArtists.swift */ = {isa = PBXFileReference; lastKnownFileType = sourcecode.swift; path = jsonUserGetTopArtists.swift; sourceTree = "<group>"; };
		0428951426F389F700902306 /* UserGetTopArtistsReceiver.swift */ = {isa = PBXFileReference; lastKnownFileType = sourcecode.swift; path = UserGetTopArtistsReceiver.swift; sourceTree = "<group>"; };
		04519E1126F28732004D2727 /* UserTopTracksView.swift */ = {isa = PBXFileReference; lastKnownFileType = sourcecode.swift; path = UserTopTracksView.swift; sourceTree = "<group>"; };
		04519E1326F344F5004D2727 /* jsonUserGetTopTracks.swift */ = {isa = PBXFileReference; lastKnownFileType = sourcecode.swift; path = jsonUserGetTopTracks.swift; sourceTree = "<group>"; };
		04519E1526F3476D004D2727 /* UserTopAlbumsEntriesView.swift */ = {isa = PBXFileReference; lastKnownFileType = sourcecode.swift; path = UserTopAlbumsEntriesView.swift; sourceTree = "<group>"; };
		04519E1926F349F8004D2727 /* UserGetTopTracksReceiver.swift */ = {isa = PBXFileReference; lastKnownFileType = sourcecode.swift; path = UserGetTopTracksReceiver.swift; sourceTree = "<group>"; };
		045CE32526F39A6700448F20 /* UserTopArtistsView.swift */ = {isa = PBXFileReference; lastKnownFileType = sourcecode.swift; path = UserTopArtistsView.swift; sourceTree = "<group>"; };
		045CE32726F3A0F900448F20 /* UserTopArtistsEntriesView.swift */ = {isa = PBXFileReference; lastKnownFileType = sourcecode.swift; path = UserTopArtistsEntriesView.swift; sourceTree = "<group>"; };
		045CE32926F3AC7600448F20 /* UserTopTracksEntriesView.swift */ = {isa = PBXFileReference; lastKnownFileType = sourcecode.swift; path = UserTopTracksEntriesView.swift; sourceTree = "<group>"; };
		045CE32B26F3CC5700448F20 /* AuthenticatePopUp.swift */ = {isa = PBXFileReference; lastKnownFileType = sourcecode.swift; path = AuthenticatePopUp.swift; sourceTree = "<group>"; };
		045CE32D26F4A2A900448F20 /* jsonUserGetInfo.swift */ = {isa = PBXFileReference; lastKnownFileType = sourcecode.swift; path = jsonUserGetInfo.swift; sourceTree = "<group>"; };
		045CE32F26F4A2F600448F20 /* UserGetInfoReceiver.swift */ = {isa = PBXFileReference; lastKnownFileType = sourcecode.swift; path = UserGetInfoReceiver.swift; sourceTree = "<group>"; };
		0477077026FBAA4E00514448 /* TrackInfoPopUpView.swift */ = {isa = PBXFileReference; lastKnownFileType = sourcecode.swift; path = TrackInfoPopUpView.swift; sourceTree = "<group>"; };
		04A1E00926D94F5600088711 /* SidebarButtonView.swift */ = {isa = PBXFileReference; lastKnownFileType = sourcecode.swift; path = SidebarButtonView.swift; sourceTree = "<group>"; };
		04A1E00B26D9514A00088711 /* jsonArtistGetInfo.swift */ = {isa = PBXFileReference; lastKnownFileType = sourcecode.swift; path = jsonArtistGetInfo.swift; sourceTree = "<group>"; };
		04A38B7C27021A5B00A35D3D /* jsonTrackGetInfo.swift */ = {isa = PBXFileReference; lastKnownFileType = sourcecode.swift; path = jsonTrackGetInfo.swift; sourceTree = "<group>"; };
		04A38B802702562A00A35D3D /* TrackGetInfo.swift */ = {isa = PBXFileReference; lastKnownFileType = sourcecode.swift; path = TrackGetInfo.swift; sourceTree = "<group>"; };
		04A3C6C126F75A5B009C58F2 /* ProfileIconView.swift */ = {isa = PBXFileReference; lastKnownFileType = sourcecode.swift; path = ProfileIconView.swift; sourceTree = "<group>"; };
		04A3C6C326F75A9A009C58F2 /* DefaultProfilePictureView.swift */ = {isa = PBXFileReference; lastKnownFileType = sourcecode.swift; path = DefaultProfilePictureView.swift; sourceTree = "<group>"; };
		04AFA7572709A23C00A7E513 /* AlbumGetInfo.swift */ = {isa = PBXFileReference; lastKnownFileType = sourcecode.swift; path = AlbumGetInfo.swift; sourceTree = "<group>"; };
		04AFA75B2709A4B700A7E513 /* jsonAlbumGetInfo.swift */ = {isa = PBXFileReference; lastKnownFileType = sourcecode.swift; path = jsonAlbumGetInfo.swift; sourceTree = "<group>"; };
		04B2C11A270B8BF700E3CFB5 /* AlbumInfoPopUpView.swift */ = {isa = PBXFileReference; lastKnownFileType = sourcecode.swift; path = AlbumInfoPopUpView.swift; sourceTree = "<group>"; };
		04D1CC2326E7949500F22541 /* UserTopAlbumsView.swift */ = {isa = PBXFileReference; lastKnownFileType = sourcecode.swift; path = UserTopAlbumsView.swift; sourceTree = "<group>"; };
		04D1CC4526E9389E00F22541 /* jsonUserGetTopAlbums.swift */ = {isa = PBXFileReference; lastKnownFileType = sourcecode.swift; path = jsonUserGetTopAlbums.swift; sourceTree = "<group>"; };
		D64F79932689FA4300DE053E /* jsonChartGetTopTracks.swift */ = {isa = PBXFileReference; lastKnownFileType = sourcecode.swift; path = jsonChartGetTopTracks.swift; sourceTree = "<group>"; };
		D64F7997268A07A300DE053E /* ChartTopArtistsView.swift */ = {isa = PBXFileReference; lastKnownFileType = sourcecode.swift; path = ChartTopArtistsView.swift; sourceTree = "<group>"; };
		D64F7999268A081700DE053E /* ChartTopTracksView.swift */ = {isa = PBXFileReference; lastKnownFileType = sourcecode.swift; path = ChartTopTracksView.swift; sourceTree = "<group>"; };
		D66DA2B9268246B400D12BB7 /* ReScrobbler.app */ = {isa = PBXFileReference; explicitFileType = wrapper.application; includeInIndex = 0; path = ReScrobbler.app; sourceTree = BUILT_PRODUCTS_DIR; };
		D66DA2BC268246B400D12BB7 /* ReScrobblerApp.swift */ = {isa = PBXFileReference; lastKnownFileType = sourcecode.swift; path = ReScrobblerApp.swift; sourceTree = "<group>"; };
		D66DA2BE268246B400D12BB7 /* ContentView.swift */ = {isa = PBXFileReference; lastKnownFileType = sourcecode.swift; path = ContentView.swift; sourceTree = "<group>"; };
		D66DA2C0268246B700D12BB7 /* Assets.xcassets */ = {isa = PBXFileReference; lastKnownFileType = folder.assetcatalog; path = Assets.xcassets; sourceTree = "<group>"; };
		D66DA2C3268246B700D12BB7 /* Preview Assets.xcassets */ = {isa = PBXFileReference; lastKnownFileType = folder.assetcatalog; path = "Preview Assets.xcassets"; sourceTree = "<group>"; };
		D66DA2C5268246B700D12BB7 /* Info.plist */ = {isa = PBXFileReference; lastKnownFileType = text.plist.xml; path = Info.plist; sourceTree = "<group>"; };
		D66DA2C6268246B700D12BB7 /* ReScrobbler.entitlements */ = {isa = PBXFileReference; lastKnownFileType = text.plist.entitlements; path = ReScrobbler.entitlements; sourceTree = "<group>"; };
		D66DA2D126824DFD00D12BB7 /* jsonChartGetTopArtists.swift */ = {isa = PBXFileReference; fileEncoding = 4; lastKnownFileType = sourcecode.swift; path = jsonChartGetTopArtists.swift; sourceTree = "<group>"; };
		D6D30BBA268A66AB00936133 /* jsonChartGetTopTags.swift */ = {isa = PBXFileReference; lastKnownFileType = sourcecode.swift; path = jsonChartGetTopTags.swift; sourceTree = "<group>"; };
		D6D30BBC268A677100936133 /* ChartTopTagsView.swift */ = {isa = PBXFileReference; lastKnownFileType = sourcecode.swift; path = ChartTopTagsView.swift; sourceTree = "<group>"; };
/* End PBXFileReference section */

/* Begin PBXFrameworksBuildPhase section */
		D66DA2B6268246B400D12BB7 /* Frameworks */ = {
			isa = PBXFrameworksBuildPhase;
			buildActionMask = 2147483647;
			files = (
				0405219726D576EE00BFF894 /* Introspect in Frameworks */,
			);
			runOnlyForDeploymentPostprocessing = 0;
		};
/* End PBXFrameworksBuildPhase section */

/* Begin PBXGroup section */
		0410188826F235D0003030F6 /* Chart */ = {
			isa = PBXGroup;
			children = (
				D66DA2D126824DFD00D12BB7 /* jsonChartGetTopArtists.swift */,
				D64F79932689FA4300DE053E /* jsonChartGetTopTracks.swift */,
				D6D30BBA268A66AB00936133 /* jsonChartGetTopTags.swift */,
			);
			path = Chart;
			sourceTree = "<group>";
		};
		0410188926F235DF003030F6 /* Artist */ = {
			isa = PBXGroup;
			children = (
				04A1E00B26D9514A00088711 /* jsonArtistGetInfo.swift */,
			);
			path = Artist;
			sourceTree = "<group>";
		};
		0410188A26F235EE003030F6 /* User */ = {
			isa = PBXGroup;
			children = (
				04D1CC4526E9389E00F22541 /* jsonUserGetTopAlbums.swift */,
				04519E1326F344F5004D2727 /* jsonUserGetTopTracks.swift */,
				0428951226F388A700902306 /* jsonUserGetTopArtists.swift */,
				045CE32D26F4A2A900448F20 /* jsonUserGetInfo.swift */,
			);
			path = User;
			sourceTree = "<group>";
		};
		0410188E26F24EE2003030F6 /* Receivers */ = {
			isa = PBXGroup;
			children = (
				04A38B7E2702558B00A35D3D /* Track */,
				0410189326F256BE003030F6 /* Artist */,
				0410189226F2567F003030F6 /* Chart */,
				0410189126F24F44003030F6 /* User */,
				04AFA7592709A24100A7E513 /* Album */,
			);
			path = Receivers;
			sourceTree = "<group>";
		};
		0410189126F24F44003030F6 /* User */ = {
			isa = PBXGroup;
			children = (
				04519E1926F349F8004D2727 /* UserGetTopTracksReceiver.swift */,
				0428951426F389F700902306 /* UserGetTopArtistsReceiver.swift */,
				0410188C26F24E62003030F6 /* UserGetTopAlbumsReceiver.swift */,
				045CE32F26F4A2F600448F20 /* UserGetInfoReceiver.swift */,
			);
			path = User;
			sourceTree = "<group>";
		};
		0410189226F2567F003030F6 /* Chart */ = {
			isa = PBXGroup;
			children = (
				0410188F26F24F38003030F6 /* ChartGetTopArtistsReceiver.swift */,
				0410189626F259CF003030F6 /* ChartGetTopTracksReceiver.swift */,
				0410189826F25A9E003030F6 /* ChartGetTopTagsReceiver.swift */,
			);
			path = Chart;
			sourceTree = "<group>";
		};
		0410189326F256BE003030F6 /* Artist */ = {
			isa = PBXGroup;
			children = (
				0410189426F256E4003030F6 /* ArtistGetInfo.swift */,
			);
			path = Artist;
			sourceTree = "<group>";
		};
		0410189E26F25C88003030F6 /* Buttons */ = {
			isa = PBXGroup;
			children = (
				04A1E00926D94F5600088711 /* SidebarButtonView.swift */,
				0410189A26F25B66003030F6 /* ColoredRoundedButtonView.swift */,
				0410189C26F25C3F003030F6 /* SimilarArtistButtonView.swift */,
			);
			path = Buttons;
			sourceTree = "<group>";
		};
		0417F0C026F37CF20087CCA4 /* Entries */ = {
			isa = PBXGroup;
			children = (
				0428951626F38EE400902306 /* Chart */,
				0428951726F38EED00902306 /* User */,
			);
			path = Entries;
			sourceTree = "<group>";
		};
		0428951126F380E900902306 /* PopUps */ = {
			isa = PBXGroup;
			children = (
				0477077026FBAA4E00514448 /* TrackInfoPopUpView.swift */,
				0410189F26F25CC1003030F6 /* ArtistInfoPopUpView.swift */,
				04B2C11A270B8BF700E3CFB5 /* AlbumInfoPopUpView.swift */,
			);
			path = PopUps;
			sourceTree = "<group>";
		};
		0428951626F38EE400902306 /* Chart */ = {
			isa = PBXGroup;
			children = (
				041018A326F25E51003030F6 /* ChartTopArtistsEntriesView.swift */,
				041018A526F25EA4003030F6 /* ChartTopTracksEntriesView.swift */,
				041018A726F25EDA003030F6 /* ChartTopTagsEntriesView.swift */,
			);
			path = Chart;
			sourceTree = "<group>";
		};
		0428951726F38EED00902306 /* User */ = {
			isa = PBXGroup;
			children = (
				04519E1526F3476D004D2727 /* UserTopAlbumsEntriesView.swift */,
				045CE32926F3AC7600448F20 /* UserTopTracksEntriesView.swift */,
				045CE32726F3A0F900448F20 /* UserTopArtistsEntriesView.swift */,
			);
			path = User;
			sourceTree = "<group>";
		};
		04A1E00626D94E9300088711 /* CustomViews */ = {
			isa = PBXGroup;
			children = (
				0410189E26F25C88003030F6 /* Buttons */,
				0428951126F380E900902306 /* PopUps */,
				0417F0C026F37CF20087CCA4 /* Entries */,
				04A3C6C126F75A5B009C58F2 /* ProfileIconView.swift */,
			);
			path = CustomViews;
			sourceTree = "<group>";
		};
		04A38B7B27021A4500A35D3D /* Track */ = {
			isa = PBXGroup;
			children = (
				04A38B7C27021A5B00A35D3D /* jsonTrackGetInfo.swift */,
			);
			path = Track;
			sourceTree = "<group>";
		};
		04A38B7E2702558B00A35D3D /* Track */ = {
			isa = PBXGroup;
			children = (
				04A38B802702562A00A35D3D /* TrackGetInfo.swift */,
			);
			path = Track;
			sourceTree = "<group>";
		};
		04AFA7592709A24100A7E513 /* Album */ = {
			isa = PBXGroup;
			children = (
				04AFA7572709A23C00A7E513 /* AlbumGetInfo.swift */,
			);
			path = Album;
			sourceTree = "<group>";
		};
		04AFA75A2709A49900A7E513 /* Album */ = {
			isa = PBXGroup;
			children = (
				04AFA75B2709A4B700A7E513 /* jsonAlbumGetInfo.swift */,
			);
			path = Album;
			sourceTree = "<group>";
		};
		04D1CC2226E7945D00F22541 /* User */ = {
			isa = PBXGroup;
			children = (
				045CE32526F39A6700448F20 /* UserTopArtistsView.swift */,
				04519E1126F28732004D2727 /* UserTopTracksView.swift */,
				04D1CC2326E7949500F22541 /* UserTopAlbumsView.swift */,
			);
			path = User;
			sourceTree = "<group>";
		};
		D64F7995268A073200DE053E /* Views */ = {
			isa = PBXGroup;
			children = (
				04A1E00626D94E9300088711 /* CustomViews */,
				D64F7996268A073E00DE053E /* Chart */,
				04D1CC2226E7945D00F22541 /* User */,
				D66DA2BE268246B400D12BB7 /* ContentView.swift */,
				045CE32B26F3CC5700448F20 /* AuthenticatePopUp.swift */,
				04A3C6C326F75A9A009C58F2 /* DefaultProfilePictureView.swift */,
			);
			path = Views;
			sourceTree = "<group>";
		};
		D64F7996268A073E00DE053E /* Chart */ = {
			isa = PBXGroup;
			children = (
				D64F7997268A07A300DE053E /* ChartTopArtistsView.swift */,
				D64F7999268A081700DE053E /* ChartTopTracksView.swift */,
				D6D30BBC268A677100936133 /* ChartTopTagsView.swift */,
			);
			path = Chart;
			sourceTree = "<group>";
		};
		D66DA2B0268246B400D12BB7 = {
			isa = PBXGroup;
			children = (
				D66DA2BB268246B400D12BB7 /* ReScrobbler */,
				D66DA2BA268246B400D12BB7 /* Products */,
			);
			sourceTree = "<group>";
		};
		D66DA2BA268246B400D12BB7 /* Products */ = {
			isa = PBXGroup;
			children = (
				D66DA2B9268246B400D12BB7 /* ReScrobbler.app */,
			);
			name = Products;
			sourceTree = "<group>";
		};
		D66DA2BB268246B400D12BB7 /* ReScrobbler */ = {
			isa = PBXGroup;
			children = (
				D66DA2BC268246B400D12BB7 /* ReScrobblerApp.swift */,
				0410188E26F24EE2003030F6 /* Receivers */,
				D64F7995268A073200DE053E /* Views */,
				D66DA2D026824DFD00D12BB7 /* Json Structures */,
				D66DA2C0268246B700D12BB7 /* Assets.xcassets */,
				D66DA2C5268246B700D12BB7 /* Info.plist */,
				D66DA2C6268246B700D12BB7 /* ReScrobbler.entitlements */,
				D66DA2C2268246B700D12BB7 /* Preview Content */,
			);
			path = ReScrobbler;
			sourceTree = "<group>";
		};
		D66DA2C2268246B700D12BB7 /* Preview Content */ = {
			isa = PBXGroup;
			children = (
				D66DA2C3268246B700D12BB7 /* Preview Assets.xcassets */,
			);
			path = "Preview Content";
			sourceTree = "<group>";
		};
		D66DA2D026824DFD00D12BB7 /* Json Structures */ = {
			isa = PBXGroup;
			children = (
				04AFA75A2709A49900A7E513 /* Album */,
				04A38B7B27021A4500A35D3D /* Track */,
				0410188826F235D0003030F6 /* Chart */,
				0410188926F235DF003030F6 /* Artist */,
				0410188A26F235EE003030F6 /* User */,
			);
			path = "Json Structures";
			sourceTree = "<group>";
		};
/* End PBXGroup section */

/* Begin PBXNativeTarget section */
		D66DA2B8268246B400D12BB7 /* ReScrobbler */ = {
			isa = PBXNativeTarget;
			buildConfigurationList = D66DA2C9268246B700D12BB7 /* Build configuration list for PBXNativeTarget "ReScrobbler" */;
			buildPhases = (
				D66DA2B5268246B400D12BB7 /* Sources */,
				D66DA2B6268246B400D12BB7 /* Frameworks */,
				D66DA2B7268246B400D12BB7 /* Resources */,
			);
			buildRules = (
			);
			dependencies = (
			);
			name = ReScrobbler;
			packageProductDependencies = (
				0405219626D576EE00BFF894 /* Introspect */,
			);
			productName = ReScrobbler;
			productReference = D66DA2B9268246B400D12BB7 /* ReScrobbler.app */;
			productType = "com.apple.product-type.application";
		};
/* End PBXNativeTarget section */

/* Begin PBXProject section */
		D66DA2B1268246B400D12BB7 /* Project object */ = {
			isa = PBXProject;
			attributes = {
				LastSwiftUpdateCheck = 1250;
				LastUpgradeCheck = 1250;
				TargetAttributes = {
					D66DA2B8268246B400D12BB7 = {
						CreatedOnToolsVersion = 12.5;
					};
				};
			};
			buildConfigurationList = D66DA2B4268246B400D12BB7 /* Build configuration list for PBXProject "ReScrobbler" */;
			compatibilityVersion = "Xcode 9.3";
			developmentRegion = en;
			hasScannedForEncodings = 0;
			knownRegions = (
				en,
				Base,
			);
			mainGroup = D66DA2B0268246B400D12BB7;
			packageReferences = (
				0405219526D576EE00BFF894 /* XCRemoteSwiftPackageReference "SwiftUI-Introspect" */,
			);
			productRefGroup = D66DA2BA268246B400D12BB7 /* Products */;
			projectDirPath = "";
			projectRoot = "";
			targets = (
				D66DA2B8268246B400D12BB7 /* ReScrobbler */,
			);
		};
/* End PBXProject section */

/* Begin PBXResourcesBuildPhase section */
		D66DA2B7268246B400D12BB7 /* Resources */ = {
			isa = PBXResourcesBuildPhase;
			buildActionMask = 2147483647;
			files = (
				D66DA2C4268246B700D12BB7 /* Preview Assets.xcassets in Resources */,
				D66DA2C1268246B700D12BB7 /* Assets.xcassets in Resources */,
			);
			runOnlyForDeploymentPostprocessing = 0;
		};
/* End PBXResourcesBuildPhase section */

/* Begin PBXSourcesBuildPhase section */
		D66DA2B5268246B400D12BB7 /* Sources */ = {
			isa = PBXSourcesBuildPhase;
			buildActionMask = 2147483647;
			files = (
				045CE32C26F3CC5700448F20 /* AuthenticatePopUp.swift in Sources */,
				04519E1A26F349F8004D2727 /* UserGetTopTracksReceiver.swift in Sources */,
				0410189D26F25C3F003030F6 /* SimilarArtistButtonView.swift in Sources */,
				041018A626F25EA4003030F6 /* ChartTopTracksEntriesView.swift in Sources */,
				045CE33026F4A2F600448F20 /* UserGetInfoReceiver.swift in Sources */,
				045CE32826F3A0F900448F20 /* UserTopArtistsEntriesView.swift in Sources */,
				D64F79942689FA4300DE053E /* jsonChartGetTopTracks.swift in Sources */,
				0477077126FBAA4E00514448 /* TrackInfoPopUpView.swift in Sources */,
				04D1CC2426E7949500F22541 /* UserTopAlbumsView.swift in Sources */,
				0410189926F25A9E003030F6 /* ChartGetTopTagsReceiver.swift in Sources */,
				D6D30BBD268A677100936133 /* ChartTopTagsView.swift in Sources */,
				045CE32A26F3AC7600448F20 /* UserTopTracksEntriesView.swift in Sources */,
				0410189026F24F38003030F6 /* ChartGetTopArtistsReceiver.swift in Sources */,
				04519E1226F28732004D2727 /* UserTopTracksView.swift in Sources */,
				04A38B812702562A00A35D3D /* TrackGetInfo.swift in Sources */,
				041018A426F25E51003030F6 /* ChartTopArtistsEntriesView.swift in Sources */,
				041018A826F25EDA003030F6 /* ChartTopTagsEntriesView.swift in Sources */,
				04D1CC4626E9389E00F22541 /* jsonUserGetTopAlbums.swift in Sources */,
				045CE32626F39A6700448F20 /* UserTopArtistsView.swift in Sources */,
				D66DA2BF268246B400D12BB7 /* ContentView.swift in Sources */,
				0410189526F256E4003030F6 /* ArtistGetInfo.swift in Sources */,
				04AFA7582709A23C00A7E513 /* AlbumGetInfo.swift in Sources */,
				04A1E00C26D9514A00088711 /* jsonArtistGetInfo.swift in Sources */,
				D64F7998268A07A300DE053E /* ChartTopArtistsView.swift in Sources */,
				0410188D26F24E62003030F6 /* UserGetTopAlbumsReceiver.swift in Sources */,
				D66DA2D226824DFD00D12BB7 /* jsonChartGetTopArtists.swift in Sources */,
				04B2C11B270B8BF700E3CFB5 /* AlbumInfoPopUpView.swift in Sources */,
				04AFA75C2709A4B700A7E513 /* jsonAlbumGetInfo.swift in Sources */,
				0428951526F389F700902306 /* UserGetTopArtistsReceiver.swift in Sources */,
				D64F799A268A081700DE053E /* ChartTopTracksView.swift in Sources */,
				04519E1426F344F6004D2727 /* jsonUserGetTopTracks.swift in Sources */,
				0428951326F388A700902306 /* jsonUserGetTopArtists.swift in Sources */,
				04519E1626F3476D004D2727 /* UserTopAlbumsEntriesView.swift in Sources */,
				0410189726F259CF003030F6 /* ChartGetTopTracksReceiver.swift in Sources */,
				04A3C6C426F75A9A009C58F2 /* DefaultProfilePictureView.swift in Sources */,
				D6D30BBB268A66AB00936133 /* jsonChartGetTopTags.swift in Sources */,
				D66DA2BD268246B400D12BB7 /* ReScrobblerApp.swift in Sources */,
				04A1E00A26D94F5600088711 /* SidebarButtonView.swift in Sources */,
				041018A026F25CC1003030F6 /* ArtistInfoPopUpView.swift in Sources */,
				04A3C6C226F75A5B009C58F2 /* ProfileIconView.swift in Sources */,
				0410189B26F25B66003030F6 /* ColoredRoundedButtonView.swift in Sources */,
				045CE32E26F4A2A900448F20 /* jsonUserGetInfo.swift in Sources */,
				04A38B7D27021A5B00A35D3D /* jsonTrackGetInfo.swift in Sources */,
			);
			runOnlyForDeploymentPostprocessing = 0;
		};
/* End PBXSourcesBuildPhase section */

/* Begin XCBuildConfiguration section */
		D66DA2C7268246B700D12BB7 /* Debug */ = {
			isa = XCBuildConfiguration;
			buildSettings = {
				ALWAYS_SEARCH_USER_PATHS = NO;
				CLANG_ANALYZER_NONNULL = YES;
				CLANG_ANALYZER_NUMBER_OBJECT_CONVERSION = YES_AGGRESSIVE;
				CLANG_CXX_LANGUAGE_STANDARD = "gnu++14";
				CLANG_CXX_LIBRARY = "libc++";
				CLANG_ENABLE_MODULES = YES;
				CLANG_ENABLE_OBJC_ARC = YES;
				CLANG_ENABLE_OBJC_WEAK = YES;
				CLANG_WARN_BLOCK_CAPTURE_AUTORELEASING = YES;
				CLANG_WARN_BOOL_CONVERSION = YES;
				CLANG_WARN_COMMA = YES;
				CLANG_WARN_CONSTANT_CONVERSION = YES;
				CLANG_WARN_DEPRECATED_OBJC_IMPLEMENTATIONS = YES;
				CLANG_WARN_DIRECT_OBJC_ISA_USAGE = YES_ERROR;
				CLANG_WARN_DOCUMENTATION_COMMENTS = YES;
				CLANG_WARN_EMPTY_BODY = YES;
				CLANG_WARN_ENUM_CONVERSION = YES;
				CLANG_WARN_INFINITE_RECURSION = YES;
				CLANG_WARN_INT_CONVERSION = YES;
				CLANG_WARN_NON_LITERAL_NULL_CONVERSION = YES;
				CLANG_WARN_OBJC_IMPLICIT_RETAIN_SELF = YES;
				CLANG_WARN_OBJC_LITERAL_CONVERSION = YES;
				CLANG_WARN_OBJC_ROOT_CLASS = YES_ERROR;
				CLANG_WARN_QUOTED_INCLUDE_IN_FRAMEWORK_HEADER = YES;
				CLANG_WARN_RANGE_LOOP_ANALYSIS = YES;
				CLANG_WARN_STRICT_PROTOTYPES = YES;
				CLANG_WARN_SUSPICIOUS_MOVE = YES;
				CLANG_WARN_UNGUARDED_AVAILABILITY = YES_AGGRESSIVE;
				CLANG_WARN_UNREACHABLE_CODE = YES;
				CLANG_WARN__DUPLICATE_METHOD_MATCH = YES;
				COPY_PHASE_STRIP = NO;
				DEBUG_INFORMATION_FORMAT = dwarf;
				ENABLE_STRICT_OBJC_MSGSEND = YES;
				ENABLE_TESTABILITY = YES;
				GCC_C_LANGUAGE_STANDARD = gnu11;
				GCC_DYNAMIC_NO_PIC = NO;
				GCC_NO_COMMON_BLOCKS = YES;
				GCC_OPTIMIZATION_LEVEL = 0;
				GCC_PREPROCESSOR_DEFINITIONS = (
					"DEBUG=1",
					"$(inherited)",
				);
				GCC_WARN_64_TO_32_BIT_CONVERSION = YES;
				GCC_WARN_ABOUT_RETURN_TYPE = YES_ERROR;
				GCC_WARN_UNDECLARED_SELECTOR = YES;
				GCC_WARN_UNINITIALIZED_AUTOS = YES_AGGRESSIVE;
				GCC_WARN_UNUSED_FUNCTION = YES;
				GCC_WARN_UNUSED_VARIABLE = YES;
				MACOSX_DEPLOYMENT_TARGET = 11.3;
				MTL_ENABLE_DEBUG_INFO = INCLUDE_SOURCE;
				MTL_FAST_MATH = YES;
				ONLY_ACTIVE_ARCH = YES;
				SDKROOT = macosx;
				SWIFT_ACTIVE_COMPILATION_CONDITIONS = DEBUG;
				SWIFT_OPTIMIZATION_LEVEL = "-Onone";
			};
			name = Debug;
		};
		D66DA2C8268246B700D12BB7 /* Release */ = {
			isa = XCBuildConfiguration;
			buildSettings = {
				ALWAYS_SEARCH_USER_PATHS = NO;
				CLANG_ANALYZER_NONNULL = YES;
				CLANG_ANALYZER_NUMBER_OBJECT_CONVERSION = YES_AGGRESSIVE;
				CLANG_CXX_LANGUAGE_STANDARD = "gnu++14";
				CLANG_CXX_LIBRARY = "libc++";
				CLANG_ENABLE_MODULES = YES;
				CLANG_ENABLE_OBJC_ARC = YES;
				CLANG_ENABLE_OBJC_WEAK = YES;
				CLANG_WARN_BLOCK_CAPTURE_AUTORELEASING = YES;
				CLANG_WARN_BOOL_CONVERSION = YES;
				CLANG_WARN_COMMA = YES;
				CLANG_WARN_CONSTANT_CONVERSION = YES;
				CLANG_WARN_DEPRECATED_OBJC_IMPLEMENTATIONS = YES;
				CLANG_WARN_DIRECT_OBJC_ISA_USAGE = YES_ERROR;
				CLANG_WARN_DOCUMENTATION_COMMENTS = YES;
				CLANG_WARN_EMPTY_BODY = YES;
				CLANG_WARN_ENUM_CONVERSION = YES;
				CLANG_WARN_INFINITE_RECURSION = YES;
				CLANG_WARN_INT_CONVERSION = YES;
				CLANG_WARN_NON_LITERAL_NULL_CONVERSION = YES;
				CLANG_WARN_OBJC_IMPLICIT_RETAIN_SELF = YES;
				CLANG_WARN_OBJC_LITERAL_CONVERSION = YES;
				CLANG_WARN_OBJC_ROOT_CLASS = YES_ERROR;
				CLANG_WARN_QUOTED_INCLUDE_IN_FRAMEWORK_HEADER = YES;
				CLANG_WARN_RANGE_LOOP_ANALYSIS = YES;
				CLANG_WARN_STRICT_PROTOTYPES = YES;
				CLANG_WARN_SUSPICIOUS_MOVE = YES;
				CLANG_WARN_UNGUARDED_AVAILABILITY = YES_AGGRESSIVE;
				CLANG_WARN_UNREACHABLE_CODE = YES;
				CLANG_WARN__DUPLICATE_METHOD_MATCH = YES;
				COPY_PHASE_STRIP = NO;
				DEBUG_INFORMATION_FORMAT = "dwarf-with-dsym";
				ENABLE_NS_ASSERTIONS = NO;
				ENABLE_STRICT_OBJC_MSGSEND = YES;
				GCC_C_LANGUAGE_STANDARD = gnu11;
				GCC_NO_COMMON_BLOCKS = YES;
				GCC_WARN_64_TO_32_BIT_CONVERSION = YES;
				GCC_WARN_ABOUT_RETURN_TYPE = YES_ERROR;
				GCC_WARN_UNDECLARED_SELECTOR = YES;
				GCC_WARN_UNINITIALIZED_AUTOS = YES_AGGRESSIVE;
				GCC_WARN_UNUSED_FUNCTION = YES;
				GCC_WARN_UNUSED_VARIABLE = YES;
				MACOSX_DEPLOYMENT_TARGET = 11.3;
				MTL_ENABLE_DEBUG_INFO = NO;
				MTL_FAST_MATH = YES;
				SDKROOT = macosx;
				SWIFT_COMPILATION_MODE = wholemodule;
				SWIFT_OPTIMIZATION_LEVEL = "-O";
			};
			name = Release;
		};
		D66DA2CA268246B700D12BB7 /* Debug */ = {
			isa = XCBuildConfiguration;
			buildSettings = {
				ASSETCATALOG_COMPILER_APPICON_NAME = AppIcon;
				ASSETCATALOG_COMPILER_GLOBAL_ACCENT_COLOR_NAME = AccentColor;
				CODE_SIGN_ENTITLEMENTS = ReScrobbler/ReScrobbler.entitlements;
				CODE_SIGN_STYLE = Automatic;
				COMBINE_HIDPI_IMAGES = YES;
				DEVELOPMENT_ASSET_PATHS = "\"ReScrobbler/Preview Content\"";
				ENABLE_PREVIEWS = YES;
				INFOPLIST_FILE = ReScrobbler/Info.plist;
				LD_RUNPATH_SEARCH_PATHS = (
					"$(inherited)",
					"@executable_path/../Frameworks",
				);
				MACOSX_DEPLOYMENT_TARGET = 11.0;
				PRODUCT_BUNDLE_IDENTIFIER = com.techunrestricted.ReScrobbler;
				PRODUCT_NAME = "$(TARGET_NAME)";
				SWIFT_VERSION = 5.0;
			};
			name = Debug;
		};
		D66DA2CB268246B700D12BB7 /* Release */ = {
			isa = XCBuildConfiguration;
			buildSettings = {
				ASSETCATALOG_COMPILER_APPICON_NAME = AppIcon;
				ASSETCATALOG_COMPILER_GLOBAL_ACCENT_COLOR_NAME = AccentColor;
				CODE_SIGN_ENTITLEMENTS = ReScrobbler/ReScrobbler.entitlements;
				CODE_SIGN_STYLE = Automatic;
				COMBINE_HIDPI_IMAGES = YES;
				DEVELOPMENT_ASSET_PATHS = "\"ReScrobbler/Preview Content\"";
				ENABLE_PREVIEWS = YES;
				INFOPLIST_FILE = ReScrobbler/Info.plist;
				LD_RUNPATH_SEARCH_PATHS = (
					"$(inherited)",
					"@executable_path/../Frameworks",
				);
				MACOSX_DEPLOYMENT_TARGET = 11.0;
				PRODUCT_BUNDLE_IDENTIFIER = com.techunrestricted.ReScrobbler;
				PRODUCT_NAME = "$(TARGET_NAME)";
				SWIFT_VERSION = 5.0;
			};
			name = Release;
		};
/* End XCBuildConfiguration section */

/* Begin XCConfigurationList section */
		D66DA2B4268246B400D12BB7 /* Build configuration list for PBXProject "ReScrobbler" */ = {
			isa = XCConfigurationList;
			buildConfigurations = (
				D66DA2C7268246B700D12BB7 /* Debug */,
				D66DA2C8268246B700D12BB7 /* Release */,
			);
			defaultConfigurationIsVisible = 0;
			defaultConfigurationName = Release;
		};
		D66DA2C9268246B700D12BB7 /* Build configuration list for PBXNativeTarget "ReScrobbler" */ = {
			isa = XCConfigurationList;
			buildConfigurations = (
				D66DA2CA268246B700D12BB7 /* Debug */,
				D66DA2CB268246B700D12BB7 /* Release */,
			);
			defaultConfigurationIsVisible = 0;
			defaultConfigurationName = Release;
		};
/* End XCConfigurationList section */

/* Begin XCRemoteSwiftPackageReference section */
		0405219526D576EE00BFF894 /* XCRemoteSwiftPackageReference "SwiftUI-Introspect" */ = {
			isa = XCRemoteSwiftPackageReference;
			repositoryURL = "https://github.com/siteline/SwiftUI-Introspect.git";
			requirement = {
				kind = revision;
				revision = 72a509c93166540c0adf8323fd2652daade7f9f6;
			};
		};
/* End XCRemoteSwiftPackageReference section */

/* Begin XCSwiftPackageProductDependency section */
		0405219626D576EE00BFF894 /* Introspect */ = {
			isa = XCSwiftPackageProductDependency;
			package = 0405219526D576EE00BFF894 /* XCRemoteSwiftPackageReference "SwiftUI-Introspect" */;
			productName = Introspect;
		};
/* End XCSwiftPackageProductDependency section */
	};
	rootObject = D66DA2B1268246B400D12BB7 /* Project object */;
}
